
Microsoft Visual Studio Solution File, Format Version 12.00
# Visual Studio Version 16
VisualStudioVersion = 16.0.31702.278
MinimumVisualStudioVersion = 10.0.40219.1
Project("{FAE04EC0-301F-11D3-BF4B-00C04F79EFBC}") = "Pascu_Serban_Lab1", "Pascu_Serban_Lab1\Pascu_Serban_Lab1.csproj", "{FD02FF51-7FCD-47D2-AE78-90E8AB773262}"
EndProject
Global
	GlobalSection(SolutionConfigurationPlatforms) = preSolution
		Debug|Any CPU = Debug|Any CPU
		Release|Any CPU = Release|Any CPU
	EndGlobalSection
	GlobalSection(ProjectConfigurationPlatforms) = postSolution
		{FD02FF51-7FCD-47D2-AE78-90E8AB773262}.Debug|Any CPU.ActiveCfg = Debug|Any CPU
		{FD02FF51-7FCD-47D2-AE78-90E8AB773262}.Debug|Any CPU.Build.0 = Debug|Any CPU
		{FD02FF51-7FCD-47D2-AE78-90E8AB773262}.Release|Any CPU.ActiveCfg = Release|Any CPU
		{FD02FF51-7FCD-47D2-AE78-90E8AB773262}.Release|Any CPU.Build.0 = Release|Any CPU
	EndGlobalSection
	GlobalSection(SolutionProperties) = preSolution
		HideSolutionNode = FALSE
	EndGlobalSection
	GlobalSection(ExtensibilityGlobals) = postSolution
		SolutionGuid = {69EC5E1D-6575-492E-80B9-77E5EB62222B}
	EndGlobalSection
EndGlobal
